
Microsoft Visual Studio Solution File, Format Version 12.00
# Visual Studio Version 16
VisualStudioVersion = 16.0.31129.286
MinimumVisualStudioVersion = 10.0.40219.1
Project("{8BC9CEB8-8B4A-11D0-8D11-00A0C91BC942}") = "VisualStudioProject", "VisualStudioProject\VisualStudioProject.vcxproj", "{404B001C-9C29-459A-B6AF-A6C60F0FDE19}"
EndProject
Global
	GlobalSection(SolutionConfigurationPlatforms) = preSolution
		Debug|x64 = Debug|x64
		Release|x64 = Release|x64
	EndGlobalSection
	GlobalSection(ProjectConfigurationPlatforms) = postSolution
		{404B001C-9C29-459A-B6AF-A6C60F0FDE19}.Debug|x64.ActiveCfg = Debug|x64
		{404B001C-9C29-459A-B6AF-A6C60F0FDE19}.Debug|x64.Build.0 = Debug|x64
		{404B001C-9C29-459A-B6AF-A6C60F0FDE19}.Release|x64.ActiveCfg = Release|x64
		{404B001C-9C29-459A-B6AF-A6C60F0FDE19}.Release|x64.Build.0 = Release|x64
	EndGlobalSection
	GlobalSection(SolutionProperties) = preSolution
		HideSolutionNode = FALSE
	EndGlobalSection
	GlobalSection(ExtensibilityGlobals) = postSolution
		SolutionGuid = {42EE8160-EDFC-4A1B-9218-4B55407737A8}
	EndGlobalSection
EndGlobal
