<?xml version="1.0" encoding="utf-8"?>
<Project ToolsVersion="4.0" xmlns="http://schemas.microsoft.com/developer/msbuild/2003">
  <ItemGroup>
    <CudaCompile Include="..\boundaryConditionsSchemes\bounceBack.cu">
      <Filter>boundaryConditionsSchemes</Filter>
    </CudaCompile>
    <CudaCompile Include="..\boundaryConditionsSchemes\D3Q19_PresZouHe.cu">
      <Filter>boundaryConditionsSchemes</Filter>
    </CudaCompile>
    <CudaCompile Include="..\boundaryConditionsSchemes\D3Q19_VelBounceBack.cu">
      <Filter>boundaryConditionsSchemes</Filter>
    </CudaCompile>
    <CudaCompile Include="..\boundaryConditionsSchemes\D3Q19_VelZouHe.cu">
      <Filter>boundaryConditionsSchemes</Filter>
    </CudaCompile>
    <CudaCompile Include="..\boundaryConditionsSchemes\freeSlip.cu">
      <Filter>boundaryConditionsSchemes</Filter>
    </CudaCompile>
    <CudaCompile Include="..\boundaryConditionsSchemes\interpolatedBounceBack.cu">
      <Filter>boundaryConditionsSchemes</Filter>
    </CudaCompile>
    <CudaCompile Include="..\IBM\ibm.cu">
      <Filter>IBM</Filter>
    </CudaCompile>
    <CudaCompile Include="..\IBM\collision\ibmCollision.cu">
      <Filter>IBM\collision</Filter>
    </CudaCompile>
    <CudaCompile Include="..\IBM\structs\particleEulerNodesUpdate.cu">
      <Filter>IBM\structs</Filter>
    </CudaCompile>
    <CudaCompile Include="..\IBM\structs\particleNode.cu">
      <Filter>IBM\structs</Filter>
    </CudaCompile>
  </ItemGroup>
  <ItemGroup>
    <Filter Include="IBM">
      <UniqueIdentifier>{055f8af1-ac1e-4b12-a613-ff8f7ca8e949}</UniqueIdentifier>
    </Filter>
    <Filter Include="structs">
      <UniqueIdentifier>{5c392ad5-3685-4e8e-8446-7bfa3f7cf925}</UniqueIdentifier>
    </Filter>
    <Filter Include="velocitySets">
      <UniqueIdentifier>{20770a39-d428-44b9-984a-1d4cc929a459}</UniqueIdentifier>
    </Filter>
    <Filter Include="boundaryConditionsSchemes">
      <UniqueIdentifier>{1bb63e81-36bf-437d-9b88-d8e921057b0e}</UniqueIdentifier>
    </Filter>
    <Filter Include="IBM\structs">
      <UniqueIdentifier>{3c30836a-d469-4799-8bc5-adf006c2641d}</UniqueIdentifier>
    </Filter>
    <Filter Include="NNF">
      <UniqueIdentifier>{d153114e-af5d-480f-81f6-6701de021d7e}</UniqueIdentifier>
    </Filter>
    <Filter Include="IBM\collision">
      <UniqueIdentifier>{6669aad8-2507-4211-a399-8a094713f4d6}</UniqueIdentifier>
    </Filter>
  </ItemGroup>
  <ItemGroup>
    <ClInclude Include="..\structs\boundaryConditionsInfo.h">
      <Filter>structs</Filter>
    </ClInclude>
    <ClInclude Include="..\structs\globalStructs.h">
      <Filter>structs</Filter>
    </ClInclude>
    <ClInclude Include="..\structs\macroscopics.h">
      <Filter>structs</Filter>
    </ClInclude>
    <ClInclude Include="..\structs\macrProc.h">
      <Filter>structs</Filter>
    </ClInclude>
    <ClInclude Include="..\structs\nodeTypeMap.h">
      <Filter>structs</Filter>
    </ClInclude>
    <ClInclude Include="..\structs\populations.h">
      <Filter>structs</Filter>
    </ClInclude>
    <ClInclude Include="..\structs\simInfo.h">
      <Filter>structs</Filter>
    </ClInclude>
    <ClInclude Include="..\velocitySets\D3Q19.h">
      <Filter>velocitySets</Filter>
    </ClInclude>
    <ClInclude Include="..\velocitySets\D3Q27.h">
      <Filter>velocitySets</Filter>
    </ClInclude>
    <ClInclude Include="..\NNF\nnf.h">
      <Filter>NNF</Filter>
    </ClInclude>
    <ClInclude Include="..\boundaryConditionsSchemes\bounceBack.h">
      <Filter>boundaryConditionsSchemes</Filter>
    </ClInclude>
    <ClInclude Include="..\boundaryConditionsSchemes\D3Q19_PresZouHe.h">
      <Filter>boundaryConditionsSchemes</Filter>
    </ClInclude>
    <ClInclude Include="..\boundaryConditionsSchemes\D3Q19_VelBounceBack.h">
      <Filter>boundaryConditionsSchemes</Filter>
    </ClInclude>
    <ClInclude Include="..\boundaryConditionsSchemes\D3Q19_VelZouHe.h">
      <Filter>boundaryConditionsSchemes</Filter>
    </ClInclude>
    <ClInclude Include="..\boundaryConditionsSchemes\freeSlip.h">
      <Filter>boundaryConditionsSchemes</Filter>
    </ClInclude>
    <ClInclude Include="..\boundaryConditionsSchemes\interpolatedBounceBack.h">
      <Filter>boundaryConditionsSchemes</Filter>
    </ClInclude>
    <ClInclude Include="..\IBM\ibm.h">
      <Filter>IBM</Filter>
    </ClInclude>
    <ClInclude Include="..\IBM\ibmBoundaryCondition.h">
      <Filter>IBM</Filter>
    </ClInclude>
    <ClInclude Include="..\IBM\ibmGlobalFunctions.h">
      <Filter>IBM</Filter>
    </ClInclude>
    <ClInclude Include="..\IBM\ibmParticlesCreation.h">
      <Filter>IBM</Filter>
    </ClInclude>
    <ClInclude Include="..\IBM\ibmReport.h">
      <Filter>IBM</Filter>
    </ClInclude>
    <ClInclude Include="..\IBM\ibmTreatData.h">
      <Filter>IBM</Filter>
    </ClInclude>
    <ClInclude Include="..\IBM\ibmVar.h">
      <Filter>IBM</Filter>
    </ClInclude>
    <ClInclude Include="..\IBM\collision\ibmCollision.h">
      <Filter>IBM\collision</Filter>
    </ClInclude>
    <ClInclude Include="..\IBM\structs\ibmMacrsAux.h">
      <Filter>IBM\structs</Filter>
    </ClInclude>
    <ClInclude Include="..\IBM\structs\ibmProc.h">
      <Filter>IBM\structs</Filter>
    </ClInclude>
    <ClInclude Include="..\IBM\structs\particle.h">
      <Filter>IBM\structs</Filter>
    </ClInclude>
    <ClInclude Include="..\IBM\structs\particleCenter.h">
      <Filter>IBM\structs</Filter>
    </ClInclude>
    <ClInclude Include="..\IBM\structs\particleEulerNodesUpdate.h">
      <Filter>IBM\structs</Filter>
    </ClInclude>
    <ClInclude Include="..\IBM\structs\particleNode.h">
      <Filter>IBM\structs</Filter>
    </ClInclude>
  </ItemGroup>
  <ItemGroup>
    <ClCompile Include="..\IBM\ibmParticlesCreation.cpp">
      <Filter>IBM</Filter>
    </ClCompile>
    <ClCompile Include="..\IBM\ibmReport.cpp">
      <Filter>IBM</Filter>
    </ClCompile>
    <ClCompile Include="..\IBM\ibmTreatData.cpp">
      <Filter>IBM</Filter>
    </ClCompile>
    <ClCompile Include="..\IBM\structs\particle.cpp">
      <Filter>IBM\structs</Filter>
    </ClCompile>
  </ItemGroup>
</Project>